
Microsoft Visual Studio Solution File, Format Version 12.00
# Visual Studio Version 17
VisualStudioVersion = 17.14.36616.10 d17.14
MinimumVisualStudioVersion = 10.0.40219.1
Project("{FAE04EC0-301F-11D3-BF4B-00C04F79EFBC}") = "MovieDb", "MovieDb\MovieDb.csproj", "{F2F5F4E4-3E2F-4A95-B951-8ADB941FC5C1}"
EndProject
Project("{FAE04EC0-301F-11D3-BF4B-00C04F79EFBC}") = "MovieDb.Core", "MovieDb.Core\MovieDb.Core.csproj", "{18F151C9-9DA4-473B-8166-D9B58D439AE6}"
EndProject
Project("{FAE04EC0-301F-11D3-BF4B-00C04F79EFBC}") = "MovieDb.Infrastructure", "MovieDb.Infrastructure\MovieDb.Infrastructure.csproj", "{D52A2036-C0BF-443F-A63F-9F672320A74E}"
EndProject
Global
	GlobalSection(SolutionConfigurationPlatforms) = preSolution
		Debug|Any CPU = Debug|Any CPU
		Release|Any CPU = Release|Any CPU
	EndGlobalSection
	GlobalSection(ProjectConfigurationPlatforms) = postSolution
		{F2F5F4E4-3E2F-4A95-B951-8ADB941FC5C1}.Debug|Any CPU.ActiveCfg = Debug|Any CPU
		{F2F5F4E4-3E2F-4A95-B951-8ADB941FC5C1}.Debug|Any CPU.Build.0 = Debug|Any CPU
		{F2F5F4E4-3E2F-4A95-B951-8ADB941FC5C1}.Release|Any CPU.ActiveCfg = Release|Any CPU
		{F2F5F4E4-3E2F-4A95-B951-8ADB941FC5C1}.Release|Any CPU.Build.0 = Release|Any CPU
		{18F151C9-9DA4-473B-8166-D9B58D439AE6}.Debug|Any CPU.ActiveCfg = Debug|Any CPU
		{18F151C9-9DA4-473B-8166-D9B58D439AE6}.Debug|Any CPU.Build.0 = Debug|Any CPU
		{18F151C9-9DA4-473B-8166-D9B58D439AE6}.Release|Any CPU.ActiveCfg = Release|Any CPU
		{18F151C9-9DA4-473B-8166-D9B58D439AE6}.Release|Any CPU.Build.0 = Release|Any CPU
		{D52A2036-C0BF-443F-A63F-9F672320A74E}.Debug|Any CPU.ActiveCfg = Debug|Any CPU
		{D52A2036-C0BF-443F-A63F-9F672320A74E}.Debug|Any CPU.Build.0 = Debug|Any CPU
		{D52A2036-C0BF-443F-A63F-9F672320A74E}.Release|Any CPU.ActiveCfg = Release|Any CPU
		{D52A2036-C0BF-443F-A63F-9F672320A74E}.Release|Any CPU.Build.0 = Release|Any CPU
	EndGlobalSection
	GlobalSection(SolutionProperties) = preSolution
		HideSolutionNode = FALSE
	EndGlobalSection
	GlobalSection(ExtensibilityGlobals) = postSolution
		SolutionGuid = {5C6E18CA-C304-40DA-BE2F-3A851ADA0DBB}
	EndGlobalSection
EndGlobal
